<?xml version="1.0" encoding="UTF-8" standalone="yes" ?>
<CodeBlocks_project_file>
	<FileVersion major="1" minor="6" />
	<Project>
		<Option title="text" />
		<Option pch_mode="2" />
		<Option compiler="gcc" />
		<Build>
			<Target title="Debug">
				<Option output="bin/Debug/text" prefix_auto="1" extension_auto="1" />
				<Option object_output="obj/Debug/" />
				<Option type="1" />
				<Option compiler="gcc" />
				<Compiler>
					<Add option="-g" />
				</Compiler>
				<Linker>
					<Add option="-lboost_serialization" />
				</Linker>
			</Target>
			<Target title="Release">
				<Option output="bin/Release/text" prefix_auto="1" extension_auto="1" />
				<Option object_output="obj/Release/" />
				<Option type="1" />
				<Option compiler="gcc" />
				<Compiler>
					<Add option="-O2" />
				</Compiler>
				<Linker>
					<Add option="-s" />
				</Linker>
			</Target>
		</Build>
		<Compiler>
			<Add option="-Wall" />
			<Add option="-fexceptions" />
		</Compiler>
		<Unit filename="common.cpp" />
		<Unit filename="common.h" />
		<Unit filename="main.cpp" />
		<Unit filename="main.h" />
		<Unit filename="parallel.cpp" />
		<Unit filename="parallel.h" />
		<Unit filename="porter.cpp" />
		<Unit filename="porter.h" />
		<Unit filename="text.cpp" />
		<Unit filename="text.h" />
		<Extensions>
			<code_completion />
			<debugger />
		</Extensions>
	</Project>
</CodeBlocks_project_file>
